{
  "requires": true,
  "lockfileVersion": 1,
  "dependencies": {
    "ansi-regex": {
      "version": "2.1.1",
      "resolved": "https://production-npm.thumbtack.com/ansi-regex/-/ansi-regex-2.1.1/c3b33ab5ee360d86e0e628f0468ae7ef27d654df.tgz",
      "integrity": "sha1-w7M6te42DYbg5ijwRorn7yfWVN8="
    },
    "ansi-styles": {
      "version": "3.2.0",
      "resolved": "https://production-npm.thumbtack.com/ansi-styles/-/ansi-styles-3.2.0/c159b8d5be0f9e5a6f346dab94f16ce022161b88.tgz",
      "integrity": "sha512-NnSOmMEYtVR2JVMIGTzynRkkaxtiq1xnFBcdQD/DnNCYPoEPsVJhM98BDyaoNOQIi7p4okdi3E27eN7GQbsUug==",
      "requires": {
        "color-convert": "1.9.1"
      }
    },
    "balanced-match": {
      "version": "1.0.0",
      "resolved": "https://production-npm.thumbtack.com/balanced-match/-/balanced-match-1.0.0/89b4d199ab2bee49de164ea02b89ce462d71b767.tgz",
      "integrity": "sha1-ibTRmasr7kneFk6gK4nORi1xt2c="
    },
    "brace-expansion": {
      "version": "1.1.8",
      "resolved": "https://production-npm.thumbtack.com/brace-expansion/-/brace-expansion-1.1.8/c07b211c7c952ec1f8efd51a77ef0d1d3990a292.tgz",
      "integrity": "sha1-wHshHHyVLsH479Uad+8NHTmQopI=",
      "requires": {
        "balanced-match": "1.0.0",
        "concat-map": "0.0.1"
      }
    },
    "camelcase": {
      "version": "4.1.0",
      "resolved": "https://production-npm.thumbtack.com/camelcase/-/camelcase-4.1.0/d545635be1e33c542649c69173e5de6acfae34dd.tgz",
      "integrity": "sha1-1UVjW+HjPFQmScaRc+Xeas+uNN0="
    },
    "chalk": {
      "version": "2.3.0",
      "resolved": "https://production-npm.thumbtack.com/chalk/-/chalk-2.3.0/b5ea48efc9c1793dccc9b4767c93914d3f2d52ba.tgz",
      "integrity": "sha512-Az5zJR2CBujap2rqXGaJKaPHyJ0IrUimvYNX+ncCy8PJP4ltOGTrHUIo097ZaL2zMeKYpiCdqDvS6zdrTFok3Q==",
      "requires": {
        "ansi-styles": "3.2.0",
        "escape-string-regexp": "1.0.5",
        "supports-color": "4.5.0"
      }
    },
    "cliui": {
      "version": "3.2.0",
      "resolved": "https://production-npm.thumbtack.com/cliui/-/cliui-3.2.0/120601537a916d29940f934da3b48d585a39213d.tgz",
      "integrity": "sha1-EgYBU3qRbSmUD5NNo7SNWFo5IT0=",
      "requires": {
        "string-width": "1.0.2",
        "strip-ansi": "3.0.1",
        "wrap-ansi": "2.1.0"
      },
      "dependencies": {
        "string-width": {
          "version": "1.0.2",
          "resolved": "https://production-npm.thumbtack.com/string-width/-/string-width-1.0.2/118bdf5b8cdc51a2a7e70d211e07e2b0b9b107d3.tgz",
          "integrity": "sha1-EYvfW4zcUaKn5w0hHgfisLmxB9M=",
          "requires": {
            "code-point-at": "1.1.0",
            "is-fullwidth-code-point": "1.0.0",
            "strip-ansi": "3.0.1"
          }
        }
      }
    },
    "code-point-at": {
      "version": "1.1.0",
      "resolved": "https://production-npm.thumbtack.com/code-point-at/-/code-point-at-1.1.0/0d070b4d043a5bea33a2f1a40e2edb3d9a4ccf77.tgz",
      "integrity": "sha1-DQcLTQQ6W+ozovGkDi7bPZpMz3c="
    },
    "color-convert": {
      "version": "1.9.1",
      "resolved": "https://production-npm.thumbtack.com/color-convert/-/color-convert-1.9.1/c1261107aeb2f294ebffec9ed9ecad529a6097ed.tgz",
      "integrity": "sha512-mjGanIiwQJskCC18rPR6OmrZ6fm2Lc7PeGFYwCmy5J34wC6F1PzdGL6xeMfmgicfYcNLGuVFA3WzXtIDCQSZxQ==",
      "requires": {
        "color-name": "1.1.3"
      }
    },
    "color-name": {
      "version": "1.1.3",
      "resolved": "https://production-npm.thumbtack.com/color-name/-/color-name-1.1.3/a7d0558bd89c42f795dd42328f740831ca53bc25.tgz",
      "integrity": "sha1-p9BVi9icQveV3UIyj3QIMcpTvCU="
    },
    "colors": {
      "version": "0.5.1",
      "resolved": "https://production-npm.thumbtack.com/colors/-/colors-0.5.1/7d0023eaeb154e8ee9fce75dcb923d0ed1667774.tgz",
      "integrity": "sha1-fQAj6usVTo7p/Oddy5I9DtFmd3Q="
    },
    "concat-map": {
      "version": "0.0.1",
      "resolved": "https://production-npm.thumbtack.com/concat-map/-/concat-map-0.0.1/d8a96bd77fd68df7793a73036a3ba0d5405d477b.tgz",
      "integrity": "sha1-2Klr13/Wjfd5OnMDajug1UBdR3s="
    },
    "cross-spawn": {
      "version": "5.1.0",
      "resolved": "https://production-npm.thumbtack.com/cross-spawn/-/cross-spawn-5.1.0/e8bd0efee58fcff6f8f94510a0a554bbfa235449.tgz",
      "integrity": "sha1-6L0O/uWPz/b4+UUQoKVUu/ojVEk=",
      "requires": {
        "lru-cache": "4.1.1",
        "shebang-command": "1.2.0",
        "which": "1.3.0"
      }
    },
    "decamelize": {
      "version": "1.2.0",
      "resolved": "https://production-npm.thumbtack.com/decamelize/-/decamelize-1.2.0/f6534d15148269b20352e7bee26f501f9a191290.tgz",
      "integrity": "sha1-9lNNFRSCabIDUue+4m9QH5oZEpA="
    },
    "escape-string-regexp": {
      "version": "1.0.5",
      "resolved": "https://production-npm.thumbtack.com/escape-string-regexp/-/escape-string-regexp-1.0.5/1b61c0562190a8dff6ae3bb2cf0200ca130b86d4.tgz",
      "integrity": "sha1-G2HAViGQqN/2rjuyzwIAyhMLhtQ="
    },
    "execa": {
      "version": "0.7.0",
      "resolved": "https://production-npm.thumbtack.com/execa/-/execa-0.7.0/944becd34cc41ee32a63a9faf27ad5a65fc59777.tgz",
      "integrity": "sha1-lEvs00zEHuMqY6n68nrVpl/Fl3c=",
      "requires": {
        "cross-spawn": "5.1.0",
        "get-stream": "3.0.0",
        "is-stream": "1.1.0",
        "npm-run-path": "2.0.2",
        "p-finally": "1.0.0",
        "signal-exit": "3.0.2",
        "strip-eof": "1.0.0"
      }
    },
    "find-up": {
      "version": "2.1.0",
      "resolved": "https://production-npm.thumbtack.com/find-up/-/find-up-2.1.0/45d1b7e506c717ddd482775a2b77920a3c0c57a7.tgz",
      "integrity": "sha1-RdG35QbHF93UgndaK3eSCjwMV6c=",
      "requires": {
        "locate-path": "2.0.0"
      }
    },
    "fs.realpath": {
      "version": "1.0.0",
      "resolved": "https://production-npm.thumbtack.com/fs.realpath/-/fs.realpath-1.0.0/1504ad2523158caa40db4a2787cb01411994ea4f.tgz",
      "integrity": "sha1-FQStJSMVjKpA20onh8sBQRmU6k8="
    },
    "get-caller-file": {
      "version": "1.0.2",
      "resolved": "https://production-npm.thumbtack.com/get-caller-file/-/get-caller-file-1.0.2/f702e63127e7e231c160a80c1554acb70d5047e5.tgz",
      "integrity": "sha1-9wLmMSfn4jHBYKgMFVSstw1QR+U="
    },
    "get-stream": {
      "version": "3.0.0",
      "resolved": "https://production-npm.thumbtack.com/get-stream/-/get-stream-3.0.0/8e943d1358dc37555054ecbe2edb05aa174ede14.tgz",
      "integrity": "sha1-jpQ9E1jcN1VQVOy+LtsFqhdO3hQ="
    },
    "glob": {
      "version": "7.1.2",
      "resolved": "https://production-npm.thumbtack.com/glob/-/glob-7.1.2/c19c9df9a028702d678612384a6552404c636d15.tgz",
      "integrity": "sha512-MJTUg1kjuLeQCJ+ccE4Vpa6kKVXkPYJ2mOCQyUuKLcLQsdrMCpBPUi8qVE6+YuaJkozeA9NusTAw3hLr8Xe5EQ==",
      "requires": {
        "fs.realpath": "1.0.0",
        "inflight": "1.0.6",
        "inherits": "2.0.3",
        "minimatch": "3.0.4",
        "once": "1.4.0",
        "path-is-absolute": "1.0.1"
      }
    },
    "has-flag": {
      "version": "2.0.0",
      "resolved": "https://production-npm.thumbtack.com/has-flag/-/has-flag-2.0.0/e8207af1cc7b30d446cc70b734b5e8be18f88d51.tgz",
      "integrity": "sha1-6CB68cx7MNRGzHC3NLXovhj4jVE="
    },
    "inflight": {
      "version": "1.0.6",
      "resolved": "https://production-npm.thumbtack.com/inflight/-/inflight-1.0.6/49bd6331d7d02d0c09bc910a1075ba8165b56df9.tgz",
      "integrity": "sha1-Sb1jMdfQLQwJvJEKEHW6gWW1bfk=",
      "requires": {
        "once": "1.4.0",
        "wrappy": "1.0.2"
      }
    },
    "inherits": {
      "version": "2.0.3",
      "resolved": "https://production-npm.thumbtack.com/inherits/-/inherits-2.0.3/633c2c83e3da42a502f52466022480f4208261de.tgz",
      "integrity": "sha1-Yzwsg+PaQqUC9SRmAiSA9CCCYd4="
    },
    "invert-kv": {
      "version": "1.0.0",
      "resolved": "https://production-npm.thumbtack.com/invert-kv/-/invert-kv-1.0.0/104a8e4aaca6d3d8cd157a8ef8bfab2d7a3ffdb6.tgz",
      "integrity": "sha1-EEqOSqym09jNFXqO+L+rLXo//bY="
    },
    "is-fullwidth-code-point": {
      "version": "1.0.0",
      "resolved": "https://production-npm.thumbtack.com/is-fullwidth-code-point/-/is-fullwidth-code-point-1.0.0/ef9e31386f031a7f0d643af82fde50c457ef00cb.tgz",
      "integrity": "sha1-754xOG8DGn8NZDr4L95QxFfvAMs=",
      "requires": {
        "number-is-nan": "1.0.1"
      }
    },
    "is-stream": {
      "version": "1.1.0",
      "resolved": "https://production-npm.thumbtack.com/is-stream/-/is-stream-1.1.0/12d4a3dd4e68e0b79ceb8dbc84173ae80d91ca44.tgz",
      "integrity": "sha1-EtSj3U5o4Lec6428hBc66A2RykQ="
    },
    "isexe": {
      "version": "2.0.0",
      "resolved": "https://production-npm.thumbtack.com/isexe/-/isexe-2.0.0/e8fbf374dc556ff8947a10dcb0572d633f2cfa10.tgz",
      "integrity": "sha1-6PvzdNxVb/iUehDcsFctYz8s+hA="
    },
    "lcid": {
      "version": "1.0.0",
      "resolved": "https://production-npm.thumbtack.com/lcid/-/lcid-1.0.0/308accafa0bc483a3867b4b6f2b9506251d1b835.tgz",
      "integrity": "sha1-MIrMr6C8SDo4Z7S28rlQYlHRuDU=",
      "requires": {
        "invert-kv": "1.0.0"
      }
    },
    "locate-path": {
      "version": "2.0.0",
      "resolved": "https://production-npm.thumbtack.com/locate-path/-/locate-path-2.0.0/2b568b265eec944c6d9c0de9c3dbbbca0354cd8e.tgz",
      "integrity": "sha1-K1aLJl7slExtnA3pw9u7ygNUzY4=",
      "requires": {
        "p-locate": "2.0.0",
        "path-exists": "3.0.0"
      }
    },
    "lru-cache": {
      "version": "4.1.1",
      "resolved": "https://production-npm.thumbtack.com/lru-cache/-/lru-cache-4.1.1/622e32e82488b49279114a4f9ecf45e7cd6bba55.tgz",
      "integrity": "sha512-q4spe4KTfsAS1SUHLO0wz8Qiyf1+vMIAgpRYioFYDMNqKfHQbg+AVDH3i4fvpl71/P1L0dBl+fQi+P37UYf0ew==",
      "requires": {
        "pseudomap": "1.0.2",
        "yallist": "2.1.2"
      }
    },
    "mem": {
      "version": "1.1.0",
      "resolved": "https://production-npm.thumbtack.com/mem/-/mem-1.1.0/5edd52b485ca1d900fe64895505399a0dfa45f76.tgz",
      "integrity": "sha1-Xt1StIXKHZAP5kiVUFOZoN+kX3Y=",
      "requires": {
        "mimic-fn": "1.1.0"
      }
    },
    "mimic-fn": {
      "version": "1.1.0",
      "resolved": "https://production-npm.thumbtack.com/mimic-fn/-/mimic-fn-1.1.0/e667783d92e89dbd342818b5230b9d62a672ad18.tgz",
      "integrity": "sha1-5md4PZLonb00KBi1IwudYqZyrRg="
    },
    "minimatch": {
      "version": "3.0.4",
      "resolved": "https://production-npm.thumbtack.com/minimatch/-/minimatch-3.0.4/5166e286457f03306064be5497e8dbb0c3d32083.tgz",
      "integrity": "sha512-yJHVQEhyqPLUTgt9B83PXu6W3rx4MvvHvSUvToogpwoGDOUQ+yDrR0HRot+yOCdCO7u4hX3pWft6kWBBcqh0UA==",
      "requires": {
        "brace-expansion": "1.1.8"
      }
    },
    "nomnom": {
      "version": "1.6.2",
      "resolved": "https://production-npm.thumbtack.com/nomnom/-/nomnom-1.6.2/84a66a260174408fc5b77a18f888eccc44fb6971.tgz",
      "integrity": "sha1-hKZqJgF0QI/Ft3oY+IjszET7aXE=",
      "requires": {
        "colors": "0.5.1",
        "underscore": "1.4.4"
      }
    },
    "npm-run-path": {
      "version": "2.0.2",
      "resolved": "https://production-npm.thumbtack.com/npm-run-path/-/npm-run-path-2.0.2/35a9232dfa35d7067b4cb2ddf2357b1871536c5f.tgz",
      "integrity": "sha1-NakjLfo11wZ7TLLd8jV7GHFTbF8=",
      "requires": {
        "path-key": "2.0.1"
      }
    },
    "number-is-nan": {
      "version": "1.0.1",
      "resolved": "https://production-npm.thumbtack.com/number-is-nan/-/number-is-nan-1.0.1/097b602b53422a522c1afb8790318336941a011d.tgz",
      "integrity": "sha1-CXtgK1NCKlIsGvuHkDGDNpQaAR0="
    },
    "once": {
      "version": "1.4.0",
      "resolved": "https://production-npm.thumbtack.com/once/-/once-1.4.0/583b1aa775961d4b113ac17d9c50baef9dd76bd1.tgz",
      "integrity": "sha1-WDsap3WWHUsROsF9nFC6753Xa9E=",
      "requires": {
        "wrappy": "1.0.2"
      }
    },
    "os-locale": {
      "version": "2.1.0",
      "resolved": "https://production-npm.thumbtack.com/os-locale/-/os-locale-2.1.0/42bc2900a6b5b8bd17376c8e882b65afccf24bf2.tgz",
      "integrity": "sha512-3sslG3zJbEYcaC4YVAvDorjGxc7tv6KVATnLPZONiljsUncvihe9BQoVCEs0RZ1kmf4Hk9OBqlZfJZWI4GanKA==",
      "requires": {
        "execa": "0.7.0",
        "lcid": "1.0.0",
        "mem": "1.1.0"
      }
    },
    "p-finally": {
      "version": "1.0.0",
      "resolved": "https://production-npm.thumbtack.com/p-finally/-/p-finally-1.0.0/3fbcfb15b899a44123b34b6dcc18b724336a2cae.tgz",
      "integrity": "sha1-P7z7FbiZpEEjs0ttzBi3JDNqLK4="
    },
    "p-limit": {
      "version": "1.1.0",
      "resolved": "https://production-npm.thumbtack.com/p-limit/-/p-limit-1.1.0/b07ff2d9a5d88bec806035895a2bab66a27988bc.tgz",
      "integrity": "sha1-sH/y2aXYi+yAYDWJWiurZqJ5iLw="
    },
    "p-locate": {
      "version": "2.0.0",
      "resolved": "https://production-npm.thumbtack.com/p-locate/-/p-locate-2.0.0/20a0103b222a70c8fd39cc2e580680f3dde5ec43.tgz",
      "integrity": "sha1-IKAQOyIqcMj9OcwuWAaA893l7EM=",
      "requires": {
        "p-limit": "1.1.0"
      }
    },
    "path-exists": {
      "version": "3.0.0",
      "resolved": "https://production-npm.thumbtack.com/path-exists/-/path-exists-3.0.0/ce0ebeaa5f78cb18925ea7d810d7b59b010fd515.tgz",
      "integrity": "sha1-zg6+ql94yxiSXqfYENe1mwEP1RU="
    },
    "path-is-absolute": {
      "version": "1.0.1",
      "resolved": "https://production-npm.thumbtack.com/path-is-absolute/-/path-is-absolute-1.0.1/174b9268735534ffbc7ace6bf53a5a9e1b5c5f5f.tgz",
      "integrity": "sha1-F0uSaHNVNP+8es5r9TpanhtcX18="
    },
    "path-key": {
      "version": "2.0.1",
      "resolved": "https://production-npm.thumbtack.com/path-key/-/path-key-2.0.1/411cadb574c5a140d3a4b1910d40d80cc9f40b40.tgz",
      "integrity": "sha1-QRyttXTFoUDTpLGRDUDYDMn0C0A="
    },
    "pseudomap": {
      "version": "1.0.2",
      "resolved": "https://production-npm.thumbtack.com/pseudomap/-/pseudomap-1.0.2/f052a28da70e618917ef0a8ac34c1ae5a68286b3.tgz",
      "integrity": "sha1-8FKijacOYYkX7wqKw0wa5aaChrM="
    },
    "recursive-readdir": {
      "version": "2.2.1",
      "resolved": "https://production-npm.thumbtack.com/recursive-readdir/-/recursive-readdir-2.2.1/90ef231d0778c5ce093c9a48d74e5c5422d13a99.tgz",
      "integrity": "sha1-kO8jHQd4xc4JPJpI105cVCLROpk=",
      "requires": {
        "minimatch": "3.0.3"
      },
      "dependencies": {
        "minimatch": {
          "version": "3.0.3",
          "resolved": "https://production-npm.thumbtack.com/minimatch/-/minimatch-3.0.3/2a4e4090b96b2db06a9d7df01055a62a77c9b774.tgz",
          "integrity": "sha1-Kk5AkLlrLbBqnX3wEFWmKnfJt3Q=",
          "requires": {
            "brace-expansion": "1.1.8"
          }
        }
      }
    },
    "replace": {
      "version": "0.3.0",
      "resolved": "https://production-npm.thumbtack.com/replace/-/replace-0.3.0/60081721188658595ab6a794eb7fedcb4c8d39c7.tgz",
      "integrity": "sha1-YAgXIRiGWFlatqeU63/ty0yNOcc=",
      "requires": {
        "colors": "0.5.1",
        "minimatch": "0.2.14",
        "nomnom": "1.6.2"
      },
      "dependencies": {
        "lru-cache": {
          "version": "2.7.3",
          "resolved": "https://production-npm.thumbtack.com/lru-cache/-/lru-cache-2.7.3/6d4524e8b955f95d4f5b58851ce21dd72fb4e952.tgz",
          "integrity": "sha1-bUUk6LlV+V1PW1iFHOId1y+06VI="
        },
        "minimatch": {
          "version": "0.2.14",
          "resolved": "https://production-npm.thumbtack.com/minimatch/-/minimatch-0.2.14/c74e780574f63c6f9a090e90efbe6ef53a6a756a.tgz",
          "integrity": "sha1-x054BXT2PG+aCQ6Q775u9TpqdWo=",
          "requires": {
            "lru-cache": "2.7.3",
            "sigmund": "1.0.1"
          }
        }
      }
    },
    "replace-in-file": {
      "version": "3.1.0",
      "resolved": "https://production-npm.thumbtack.com/replace-in-file/-/replace-in-file-3.1.0/3adff12b1e16038a830b5187712788e74d6f94fd.tgz",
      "integrity": "sha512-1zAE4iyyBSjr3A5TQ3R15z+9RZNrG1KMI2pWWrDgc4jwalQ23XD0po8e7k7uXzFV9dk9bNCDDs4YZmFXUJ15sQ==",
      "requires": {
        "chalk": "2.3.0",
        "glob": "7.1.2",
        "yargs": "10.0.3"
      }
    },
    "require-directory": {
      "version": "2.1.1",
      "resolved": "https://production-npm.thumbtack.com/require-directory/-/require-directory-2.1.1/8c64ad5fd30dab1c976e2344ffe7f792a6a6df42.tgz",
      "integrity": "sha1-jGStX9MNqxyXbiNE/+f3kqam30I="
    },
    "require-main-filename": {
      "version": "1.0.1",
      "resolved": "https://production-npm.thumbtack.com/require-main-filename/-/require-main-filename-1.0.1/97f717b69d48784f5f526a6c5aa8ffdda055a4d1.tgz",
      "integrity": "sha1-l/cXtp1IeE9fUmpsWqj/3aBVpNE="
    },
    "set-blocking": {
      "version": "2.0.0",
      "resolved": "https://production-npm.thumbtack.com/set-blocking/-/set-blocking-2.0.0/045f9782d011ae9a6803ddd382b24392b3d890f7.tgz",
      "integrity": "sha1-BF+XgtARrppoA93TgrJDkrPYkPc="
    },
    "shebang-command": {
      "version": "1.2.0",
      "resolved": "https://production-npm.thumbtack.com/shebang-command/-/shebang-command-1.2.0/44aac65b695b03398968c39f363fee5deafdf1ea.tgz",
      "integrity": "sha1-RKrGW2lbAzmJaMOfNj/uXer98eo=",
      "requires": {
        "shebang-regex": "1.0.0"
      }
    },
    "shebang-regex": {
      "version": "1.0.0",
      "resolved": "https://production-npm.thumbtack.com/shebang-regex/-/shebang-regex-1.0.0/da42f49740c0b42db2ca9728571cb190c98efea3.tgz",
      "integrity": "sha1-2kL0l0DAtC2yypcoVxyxkMmO/qM="
    },
    "sigmund": {
      "version": "1.0.1",
      "resolved": "https://production-npm.thumbtack.com/sigmund/-/sigmund-1.0.1/3ff21f198cad2175f9f3b781853fd94d0d19b590.tgz",
      "integrity": "sha1-P/IfGYytIXX587eBhT/ZTQ0ZtZA="
    },
    "signal-exit": {
      "version": "3.0.2",
      "resolved": "https://production-npm.thumbtack.com/signal-exit/-/signal-exit-3.0.2/b5fdc08f1287ea1178628e415e25132b73646c6d.tgz",
      "integrity": "sha1-tf3AjxKH6hF4Yo5BXiUTK3NkbG0="
    },
    "string-width": {
      "version": "2.1.1",
      "resolved": "https://production-npm.thumbtack.com/string-width/-/string-width-2.1.1/ab93f27a8dc13d28cac815c462143a6d9012ae9e.tgz",
      "integrity": "sha512-nOqH59deCq9SRHlxq1Aw85Jnt4w6KvLKqWVik6oA9ZklXLNIOlqg4F2yrT1MVaTjAqvVwdfeZ7w7aCvJD7ugkw==",
      "requires": {
        "is-fullwidth-code-point": "2.0.0",
        "strip-ansi": "4.0.0"
      },
      "dependencies": {
        "ansi-regex": {
          "version": "3.0.0",
          "resolved": "https://production-npm.thumbtack.com/ansi-regex/-/ansi-regex-3.0.0/ed0317c322064f79466c02966bddb605ab37d998.tgz",
          "integrity": "sha1-7QMXwyIGT3lGbAKWa922Bas32Zg="
        },
        "is-fullwidth-code-point": {
          "version": "2.0.0",
          "resolved": "https://production-npm.thumbtack.com/is-fullwidth-code-point/-/is-fullwidth-code-point-2.0.0/a3b30a5c4f199183167aaab93beefae3ddfb654f.tgz",
          "integrity": "sha1-o7MKXE8ZkYMWeqq5O+764937ZU8="
        },
        "strip-ansi": {
          "version": "4.0.0",
          "resolved": "https://production-npm.thumbtack.com/strip-ansi/-/strip-ansi-4.0.0/a8479022eb1ac368a871389b635262c505ee368f.tgz",
          "integrity": "sha1-qEeQIusaw2iocTibY1JixQXuNo8=",
          "requires": {
            "ansi-regex": "3.0.0"
          }
        }
      }
    },
    "strip-ansi": {
      "version": "3.0.1",
      "resolved": "https://production-npm.thumbtack.com/strip-ansi/-/strip-ansi-3.0.1/6a385fb8853d952d5ff05d0e8aaf94278dc63dcf.tgz",
      "integrity": "sha1-ajhfuIU9lS1f8F0Oiq+UJ43GPc8=",
      "requires": {
        "ansi-regex": "2.1.1"
      }
    },
    "strip-eof": {
      "version": "1.0.0",
      "resolved": "https://production-npm.thumbtack.com/strip-eof/-/strip-eof-1.0.0/bb43ff5598a6eb05d89b59fcd129c983313606bf.tgz",
      "integrity": "sha1-u0P/VZim6wXYm1n80SnJgzE2Br8="
    },
    "supports-color": {
      "version": "4.5.0",
      "resolved": "https://production-npm.thumbtack.com/supports-color/-/supports-color-4.5.0/be7a0de484dec5c5cddf8b3d59125044912f635b.tgz",
      "integrity": "sha1-vnoN5ITexcXN34s9WRJQRJEvY1s=",
      "requires": {
        "has-flag": "2.0.0"
      }
    },
    "underscore": {
      "version": "1.4.4",
      "resolved": "https://production-npm.thumbtack.com/underscore/-/underscore-1.4.4/61a6a32010622afa07963bf325203cf12239d604.tgz",
      "integrity": "sha1-YaajIBBiKvoHljvzJSA88SI51gQ="
    },
    "which": {
      "version": "1.3.0",
      "resolved": "https://production-npm.thumbtack.com/which/-/which-1.3.0/ff04bdfc010ee547d780bec38e1ac1c2777d253a.tgz",
      "integrity": "sha512-xcJpopdamTuY5duC/KnTTNBraPK54YwpenP4lzxU8H91GudWpFv38u0CKjclE1Wi2EH2EDz5LRcHcKbCIzqGyg==",
      "requires": {
        "isexe": "2.0.0"
      }
    },
    "which-module": {
      "version": "2.0.0",
      "resolved": "https://production-npm.thumbtack.com/which-module/-/which-module-2.0.0/d9ef07dce77b9902b8a3a8fa4b31c3e3f7e6e87a.tgz",
      "integrity": "sha1-2e8H3Od7mQK4o6j6SzHD4/fm6Ho="
    },
    "wrap-ansi": {
      "version": "2.1.0",
      "resolved": "https://production-npm.thumbtack.com/wrap-ansi/-/wrap-ansi-2.1.0/d8fc3d284dd05794fe84973caecdd1cf824fdd85.tgz",
      "integrity": "sha1-2Pw9KE3QV5T+hJc8rs3Rz4JP3YU=",
      "requires": {
        "string-width": "1.0.2",
        "strip-ansi": "3.0.1"
      },
      "dependencies": {
        "string-width": {
          "version": "1.0.2",
          "resolved": "https://production-npm.thumbtack.com/string-width/-/string-width-1.0.2/118bdf5b8cdc51a2a7e70d211e07e2b0b9b107d3.tgz",
          "integrity": "sha1-EYvfW4zcUaKn5w0hHgfisLmxB9M=",
          "requires": {
            "code-point-at": "1.1.0",
            "is-fullwidth-code-point": "1.0.0",
            "strip-ansi": "3.0.1"
          }
        }
      }
    },
    "wrappy": {
      "version": "1.0.2",
      "resolved": "https://production-npm.thumbtack.com/wrappy/-/wrappy-1.0.2/b5243d8f3ec1aa35f1364605bc0d1036e30ab69f.tgz",
      "integrity": "sha1-tSQ9jz7BqjXxNkYFvA0QNuMKtp8="
    },
    "y18n": {
      "version": "3.2.1",
      "resolved": "https://production-npm.thumbtack.com/y18n/-/y18n-3.2.1/6d15fba884c08679c0d77e88e7759e811e07fa41.tgz",
      "integrity": "sha1-bRX7qITAhnnA136I53WegR4H+kE="
    },
    "yallist": {
      "version": "2.1.2",
      "resolved": "https://production-npm.thumbtack.com/yallist/-/yallist-2.1.2/1c11f9218f076089a47dd512f93c6699a6a81d52.tgz",
      "integrity": "sha1-HBH5IY8HYImkfdUS+TxmmaaoHVI="
    },
    "yargs": {
      "version": "10.0.3",
      "resolved": "https://production-npm.thumbtack.com/yargs/-/yargs-10.0.3/6542debd9080ad517ec5048fb454efe9e4d4aaae.tgz",
      "integrity": "sha512-DqBpQ8NAUX4GyPP/ijDGHsJya4tYqLQrjPr95HNsr1YwL3+daCfvBwg7+gIC6IdJhR2kATh3hb61vjzMWEtjdw==",
      "requires": {
        "cliui": "3.2.0",
        "decamelize": "1.2.0",
        "find-up": "2.1.0",
        "get-caller-file": "1.0.2",
        "os-locale": "2.1.0",
        "require-directory": "2.1.1",
        "require-main-filename": "1.0.1",
        "set-blocking": "2.0.0",
        "string-width": "2.1.1",
        "which-module": "2.0.0",
        "y18n": "3.2.1",
        "yargs-parser": "8.1.0"
      }
    },
    "yargs-parser": {
      "version": "8.1.0",
      "resolved": "https://production-npm.thumbtack.com/yargs-parser/-/yargs-parser-8.1.0/f1376a33b6629a5d063782944da732631e966950.tgz",
      "integrity": "sha512-yP+6QqN8BmrgW2ggLtTbdrOyBNSI7zBa4IykmiV5R1wl1JWNxQvWhMfMdmzIYtKU7oP3OOInY/tl2ov3BDjnJQ==",
      "requires": {
        "camelcase": "4.1.0"
      }
    }
  }
}
